
Microsoft Visual Studio Solution File, Format Version 12.00
# Visual Studio Version 17
VisualStudioVersion = 17.11.35312.102
MinimumVisualStudioVersion = 10.0.40219.1
Project("{9A19103F-16F7-4668-BE54-9A1E7A4F7556}") = "FzAdditions", "FzAdditions.csproj", "{582CEED9-2D0B-4A0E-BF13-A7C4C0CCD53F}"
EndProject
Global
	GlobalSection(SolutionConfigurationPlatforms) = preSolution
		Debug|Any CPU = Debug|Any CPU
		Release|Any CPU = Release|Any CPU
	EndGlobalSection
	GlobalSection(ProjectConfigurationPlatforms) = postSolution
		{582CEED9-2D0B-4A0E-BF13-A7C4C0CCD53F}.Debug|Any CPU.ActiveCfg = Debug|Any CPU
		{582CEED9-2D0B-4A0E-BF13-A7C4C0CCD53F}.Debug|Any CPU.Build.0 = Debug|Any CPU
		{582CEED9-2D0B-4A0E-BF13-A7C4C0CCD53F}.Release|Any CPU.ActiveCfg = Release|Any CPU
		{582CEED9-2D0B-4A0E-BF13-A7C4C0CCD53F}.Release|Any CPU.Build.0 = Release|Any CPU
	EndGlobalSection
	GlobalSection(SolutionProperties) = preSolution
		HideSolutionNode = FALSE
	EndGlobalSection
	GlobalSection(ExtensibilityGlobals) = postSolution
		SolutionGuid = {6C3CAD18-0211-43B4-9160-8FB30F61D465}
	EndGlobalSection
EndGlobal
